// !$*UTF8*$!
{
	archiveVersion = 1;
	classes = {
	};
	objectVersion = 50;
	objects = {

/* Begin PBXBuildFile section */
		BB66A05125CB13390049FB13 /* AppDelegate.swift in Sources */ = {isa = PBXBuildFile; fileRef = BB66A05025CB13390049FB13 /* AppDelegate.swift */; };
		BB66A05325CB13390049FB13 /* SceneDelegate.swift in Sources */ = {isa = PBXBuildFile; fileRef = BB66A05225CB13390049FB13 /* SceneDelegate.swift */; };
		BB66A05525CB13390049FB13 /* ViewController.swift in Sources */ = {isa = PBXBuildFile; fileRef = BB66A05425CB13390049FB13 /* ViewController.swift */; };
		BB66A05825CB13390049FB13 /* Main.storyboard in Resources */ = {isa = PBXBuildFile; fileRef = BB66A05625CB13390049FB13 /* Main.storyboard */; };
		BB66A05A25CB133E0049FB13 /* Assets.xcassets in Resources */ = {isa = PBXBuildFile; fileRef = BB66A05925CB133E0049FB13 /* Assets.xcassets */; };
		BB66A05D25CB133E0049FB13 /* LaunchScreen.storyboard in Resources */ = {isa = PBXBuildFile; fileRef = BB66A05B25CB133E0049FB13 /* LaunchScreen.storyboard */; };
		BB66A06825CB133E0049FB13 /* preworkTests.swift in Sources */ = {isa = PBXBuildFile; fileRef = BB66A06725CB133E0049FB13 /* preworkTests.swift */; };
		BB66A07325CB133E0049FB13 /* preworkUITests.swift in Sources */ = {isa = PBXBuildFile; fileRef = BB66A07225CB133E0049FB13 /* preworkUITests.swift */; };
/* End PBXBuildFile section */

/* Begin PBXContainerItemProxy section */
		BB66A06425CB133E0049FB13 /* PBXContainerItemProxy */ = {
			isa = PBXContainerItemProxy;
			containerPortal = BB66A04525CB13380049FB13 /* Project object */;
			proxyType = 1;
			remoteGlobalIDString = BB66A04C25CB13390049FB13;
			remoteInfo = prework;
		};
		BB66A06F25CB133E0049FB13 /* PBXContainerItemProxy */ = {
			isa = PBXContainerItemProxy;
			containerPortal = BB66A04525CB13380049FB13 /* Project object */;
			proxyType = 1;
			remoteGlobalIDString = BB66A04C25CB13390049FB13;
			remoteInfo = prework;
		};
/* End PBXContainerItemProxy section */

/* Begin PBXFileReference section */
		BB66A04D25CB13390049FB13 /* prework.app */ = {isa = PBXFileReference; explicitFileType = wrapper.application; includeInIndex = 0; path = prework.app; sourceTree = BUILT_PRODUCTS_DIR; };
		BB66A05025CB13390049FB13 /* AppDelegate.swift */ = {isa = PBXFileReference; lastKnownFileType = sourcecode.swift; path = AppDelegate.swift; sourceTree = "<group>"; };
		BB66A05225CB13390049FB13 /* SceneDelegate.swift */ = {isa = PBXFileReference; lastKnownFileType = sourcecode.swift; path = SceneDelegate.swift; sourceTree = "<group>"; };
		BB66A05425CB13390049FB13 /* ViewController.swift */ = {isa = PBXFileReference; lastKnownFileType = sourcecode.swift; path = ViewController.swift; sourceTree = "<group>"; };
		BB66A05725CB13390049FB13 /* Base */ = {isa = PBXFileReference; lastKnownFileType = file.storyboard; name = Base; path = Base.lproj/Main.storyboard; sourceTree = "<group>"; };
		BB66A05925CB133E0049FB13 /* Assets.xcassets */ = {isa = PBXFileReference; lastKnownFileType = folder.assetcatalog; path = Assets.xcassets; sourceTree = "<group>"; };
		BB66A05C25CB133E0049FB13 /* Base */ = {isa = PBXFileReference; lastKnownFileType = file.storyboard; name = Base; path = Base.lproj/LaunchScreen.storyboard; sourceTree = "<group>"; };
		BB66A05E25CB133E0049FB13 /* Info.plist */ = {isa = PBXFileReference; lastKnownFileType = text.plist.xml; path = Info.plist; sourceTree = "<group>"; };
		BB66A06325CB133E0049FB13 /* preworkTests.xctest */ = {isa = PBXFileReference; explicitFileType = wrapper.cfbundle; includeInIndex = 0; path = preworkTests.xctest; sourceTree = BUILT_PRODUCTS_DIR; };
		BB66A06725CB133E0049FB13 /* preworkTests.swift */ = {isa = PBXFileReference; lastKnownFileType = sourcecode.swift; path = preworkTests.swift; sourceTree = "<group>"; };
		BB66A06925CB133E0049FB13 /* Info.plist */ = {isa = PBXFileReference; lastKnownFileType = text.plist.xml; path = Info.plist; sourceTree = "<group>"; };
		BB66A06E25CB133E0049FB13 /* preworkUITests.xctest */ = {isa = PBXFileReference; explicitFileType = wrapper.cfbundle; includeInIndex = 0; path = preworkUITests.xctest; sourceTree = BUILT_PRODUCTS_DIR; };
		BB66A07225CB133E0049FB13 /* preworkUITests.swift */ = {isa = PBXFileReference; lastKnownFileType = sourcecode.swift; path = preworkUITests.swift; sourceTree = "<group>"; };
		BB66A07425CB133E0049FB13 /* Info.plist */ = {isa = PBXFileReference; lastKnownFileType = text.plist.xml; path = Info.plist; sourceTree = "<group>"; };
/* End PBXFileReference section */

/* Begin PBXFrameworksBuildPhase section */
		BB66A04A25CB13390049FB13 /* Frameworks */ = {
			isa = PBXFrameworksBuildPhase;
			buildActionMask = 2147483647;
			files = (
			);
			runOnlyForDeploymentPostprocessing = 0;
		};
		BB66A06025CB133E0049FB13 /* Frameworks */ = {
			isa = PBXFrameworksBuildPhase;
			buildActionMask = 2147483647;
			files = (
			);
			runOnlyForDeploymentPostprocessing = 0;
		};
		BB66A06B25CB133E0049FB13 /* Frameworks */ = {
			isa = PBXFrameworksBuildPhase;
			buildActionMask = 2147483647;
			files = (
			);
			runOnlyForDeploymentPostprocessing = 0;
		};
/* End PBXFrameworksBuildPhase section */

/* Begin PBXGroup section */
		BB66A04425CB13380049FB13 = {
			isa = PBXGroup;
			children = (
				BB66A04F25CB13390049FB13 /* prework */,
				BB66A06625CB133E0049FB13 /* preworkTests */,
				BB66A07125CB133E0049FB13 /* preworkUITests */,
				BB66A04E25CB13390049FB13 /* Products */,
			);
			sourceTree = "<group>";
		};
		BB66A04E25CB13390049FB13 /* Products */ = {
			isa = PBXGroup;
			children = (
				BB66A04D25CB13390049FB13 /* prework.app */,
				BB66A06325CB133E0049FB13 /* preworkTests.xctest */,
				BB66A06E25CB133E0049FB13 /* preworkUITests.xctest */,
			);
			name = Products;
			sourceTree = "<group>";
		};
		BB66A04F25CB13390049FB13 /* prework */ = {
			isa = PBXGroup;
			children = (
				BB66A05025CB13390049FB13 /* AppDelegate.swift */,
				BB66A05225CB13390049FB13 /* SceneDelegate.swift */,
				BB66A05425CB13390049FB13 /* ViewController.swift */,
				BB66A05625CB13390049FB13 /* Main.storyboard */,
				BB66A05925CB133E0049FB13 /* Assets.xcassets */,
				BB66A05B25CB133E0049FB13 /* LaunchScreen.storyboard */,
				BB66A05E25CB133E0049FB13 /* Info.plist */,
			);
			path = prework;
			sourceTree = "<group>";
		};
		BB66A06625CB133E0049FB13 /* preworkTests */ = {
			isa = PBXGroup;
			children = (
				BB66A06725CB133E0049FB13 /* preworkTests.swift */,
				BB66A06925CB133E0049FB13 /* Info.plist */,
			);
			path = preworkTests;
			sourceTree = "<group>";
		};
		BB66A07125CB133E0049FB13 /* preworkUITests */ = {
			isa = PBXGroup;
			children = (
				BB66A07225CB133E0049FB13 /* preworkUITests.swift */,
				BB66A07425CB133E0049FB13 /* Info.plist */,
			);
			path = preworkUITests;
			sourceTree = "<group>";
		};
/* End PBXGroup section */

/* Begin PBXNativeTarget section */
		BB66A04C25CB13390049FB13 /* prework */ = {
			isa = PBXNativeTarget;
			buildConfigurationList = BB66A07725CB133E0049FB13 /* Build configuration list for PBXNativeTarget "prework" */;
			buildPhases = (
				BB66A04925CB13390049FB13 /* Sources */,
				BB66A04A25CB13390049FB13 /* Frameworks */,
				BB66A04B25CB13390049FB13 /* Resources */,
			);
			buildRules = (
			);
			dependencies = (
			);
			name = prework;
			productName = prework;
			productReference = BB66A04D25CB13390049FB13 /* prework.app */;
			productType = "com.apple.product-type.application";
		};
		BB66A06225CB133E0049FB13 /* preworkTests */ = {
			isa = PBXNativeTarget;
			buildConfigurationList = BB66A07A25CB133E0049FB13 /* Build configuration list for PBXNativeTarget "preworkTests" */;
			buildPhases = (
				BB66A05F25CB133E0049FB13 /* Sources */,
				BB66A06025CB133E0049FB13 /* Frameworks */,
				BB66A06125CB133E0049FB13 /* Resources */,
			);
			buildRules = (
			);
			dependencies = (
				BB66A06525CB133E0049FB13 /* PBXTargetDependency */,
			);
			name = preworkTests;
			productName = preworkTests;
			productReference = BB66A06325CB133E0049FB13 /* preworkTests.xctest */;
			productType = "com.apple.product-type.bundle.unit-test";
		};
		BB66A06D25CB133E0049FB13 /* preworkUITests */ = {
			isa = PBXNativeTarget;
			buildConfigurationList = BB66A07D25CB133E0049FB13 /* Build configuration list for PBXNativeTarget "preworkUITests" */;
			buildPhases = (
				BB66A06A25CB133E0049FB13 /* Sources */,
				BB66A06B25CB133E0049FB13 /* Frameworks */,
				BB66A06C25CB133E0049FB13 /* Resources */,
			);
			buildRules = (
			);
			dependencies = (
				BB66A07025CB133E0049FB13 /* PBXTargetDependency */,
			);
			name = preworkUITests;
			productName = preworkUITests;
			productReference = BB66A06E25CB133E0049FB13 /* preworkUITests.xctest */;
			productType = "com.apple.product-type.bundle.ui-testing";
		};
/* End PBXNativeTarget section */

/* Begin PBXProject section */
		BB66A04525CB13380049FB13 /* Project object */ = {
			isa = PBXProject;
			attributes = {
				LastSwiftUpdateCheck = 1230;
				LastUpgradeCheck = 1230;
				TargetAttributes = {
					BB66A04C25CB13390049FB13 = {
						CreatedOnToolsVersion = 12.3;
					};
					BB66A06225CB133E0049FB13 = {
						CreatedOnToolsVersion = 12.3;
						TestTargetID = BB66A04C25CB13390049FB13;
					};
					BB66A06D25CB133E0049FB13 = {
						CreatedOnToolsVersion = 12.3;
						TestTargetID = BB66A04C25CB13390049FB13;
					};
				};
			};
			buildConfigurationList = BB66A04825CB13390049FB13 /* Build configuration list for PBXProject "prework" */;
			compatibilityVersion = "Xcode 9.3";
			developmentRegion = en;
			hasScannedForEncodings = 0;
			knownRegions = (
				en,
				Base,
			);
			mainGroup = BB66A04425CB13380049FB13;
			productRefGroup = BB66A04E25CB13390049FB13 /* Products */;
			projectDirPath = "";
			projectRoot = "";
			targets = (
				BB66A04C25CB13390049FB13 /* prework */,
				BB66A06225CB133E0049FB13 /* preworkTests */,
				BB66A06D25CB133E0049FB13 /* preworkUITests */,
			);
		};
/* End PBXProject section */

/* Begin PBXResourcesBuildPhase section */
		BB66A04B25CB13390049FB13 /* Resources */ = {
			isa = PBXResourcesBuildPhase;
			buildActionMask = 2147483647;
			files = (
				BB66A05D25CB133E0049FB13 /* LaunchScreen.storyboard in Resources */,
				BB66A05A25CB133E0049FB13 /* Assets.xcassets in Resources */,
				BB66A05825CB13390049FB13 /* Main.storyboard in Resources */,
			);
			runOnlyForDeploymentPostprocessing = 0;
		};
		BB66A06125CB133E0049FB13 /* Resources */ = {
			isa = PBXResourcesBuildPhase;
			buildActionMask = 2147483647;
			files = (
			);
			runOnlyForDeploymentPostprocessing = 0;
		};
		BB66A06C25CB133E0049FB13 /* Resources */ = {
			isa = PBXResourcesBuildPhase;
			buildActionMask = 2147483647;
			files = (
			);
			runOnlyForDeploymentPostprocessing = 0;
		};
/* End PBXResourcesBuildPhase section */

/* Begin PBXSourcesBuildPhase section */
		BB66A04925CB13390049FB13 /* Sources */ = {
			isa = PBXSourcesBuildPhase;
			buildActionMask = 2147483647;
			files = (
				BB66A05525CB13390049FB13 /* ViewController.swift in Sources */,
				BB66A05125CB13390049FB13 /* AppDelegate.swift in Sources */,
				BB66A05325CB13390049FB13 /* SceneDelegate.swift in Sources */,
			);
			runOnlyForDeploymentPostprocessing = 0;
		};
		BB66A05F25CB133E0049FB13 /* Sources */ = {
			isa = PBXSourcesBuildPhase;
			buildActionMask = 2147483647;
			files = (
				BB66A06825CB133E0049FB13 /* preworkTests.swift in Sources */,
			);
			runOnlyForDeploymentPostprocessing = 0;
		};
		BB66A06A25CB133E0049FB13 /* Sources */ = {
			isa = PBXSourcesBuildPhase;
			buildActionMask = 2147483647;
			files = (
				BB66A07325CB133E0049FB13 /* preworkUITests.swift in Sources */,
			);
			runOnlyForDeploymentPostprocessing = 0;
		};
/* End PBXSourcesBuildPhase section */

/* Begin PBXTargetDependency section */
		BB66A06525CB133E0049FB13 /* PBXTargetDependency */ = {
			isa = PBXTargetDependency;
			target = BB66A04C25CB13390049FB13 /* prework */;
			targetProxy = BB66A06425CB133E0049FB13 /* PBXContainerItemProxy */;
		};
		BB66A07025CB133E0049FB13 /* PBXTargetDependency */ = {
			isa = PBXTargetDependency;
			target = BB66A04C25CB13390049FB13 /* prework */;
			targetProxy = BB66A06F25CB133E0049FB13 /* PBXContainerItemProxy */;
		};
/* End PBXTargetDependency section */

/* Begin PBXVariantGroup section */
		BB66A05625CB13390049FB13 /* Main.storyboard */ = {
			isa = PBXVariantGroup;
			children = (
				BB66A05725CB13390049FB13 /* Base */,
			);
			name = Main.storyboard;
			sourceTree = "<group>";
		};
		BB66A05B25CB133E0049FB13 /* LaunchScreen.storyboard */ = {
			isa = PBXVariantGroup;
			children = (
				BB66A05C25CB133E0049FB13 /* Base */,
			);
			name = LaunchScreen.storyboard;
			sourceTree = "<group>";
		};
/* End PBXVariantGroup section */

/* Begin XCBuildConfiguration section */
		BB66A07525CB133E0049FB13 /* Debug */ = {
			isa = XCBuildConfiguration;
			buildSettings = {
				ALWAYS_SEARCH_USER_PATHS = NO;
				CLANG_ANALYZER_NONNULL = YES;
				CLANG_ANALYZER_NUMBER_OBJECT_CONVERSION = YES_AGGRESSIVE;
				CLANG_CXX_LANGUAGE_STANDARD = "gnu++14";
				CLANG_CXX_LIBRARY = "libc++";
				CLANG_ENABLE_MODULES = YES;
				CLANG_ENABLE_OBJC_ARC = YES;
				CLANG_ENABLE_OBJC_WEAK = YES;
				CLANG_WARN_BLOCK_CAPTURE_AUTORELEASING = YES;
				CLANG_WARN_BOOL_CONVERSION = YES;
				CLANG_WARN_COMMA = YES;
				CLANG_WARN_CONSTANT_CONVERSION = YES;
				CLANG_WARN_DEPRECATED_OBJC_IMPLEMENTATIONS = YES;
				CLANG_WARN_DIRECT_OBJC_ISA_USAGE = YES_ERROR;
				CLANG_WARN_DOCUMENTATION_COMMENTS = YES;
				CLANG_WARN_EMPTY_BODY = YES;
				CLANG_WARN_ENUM_CONVERSION = YES;
				CLANG_WARN_INFINITE_RECURSION = YES;
				CLANG_WARN_INT_CONVERSION = YES;
				CLANG_WARN_NON_LITERAL_NULL_CONVERSION = YES;
				CLANG_WARN_OBJC_IMPLICIT_RETAIN_SELF = YES;
				CLANG_WARN_OBJC_LITERAL_CONVERSION = YES;
				CLANG_WARN_OBJC_ROOT_CLASS = YES_ERROR;
				CLANG_WARN_QUOTED_INCLUDE_IN_FRAMEWORK_HEADER = YES;
				CLANG_WARN_RANGE_LOOP_ANALYSIS = YES;
				CLANG_WARN_STRICT_PROTOTYPES = YES;
				CLANG_WARN_SUSPICIOUS_MOVE = YES;
				CLANG_WARN_UNGUARDED_AVAILABILITY = YES_AGGRESSIVE;
				CLANG_WARN_UNREACHABLE_CODE = YES;
				CLANG_WARN__DUPLICATE_METHOD_MATCH = YES;
				COPY_PHASE_STRIP = NO;
				DEBUG_INFORMATION_FORMAT = dwarf;
				ENABLE_STRICT_OBJC_MSGSEND = YES;
				ENABLE_TESTABILITY = YES;
				GCC_C_LANGUAGE_STANDARD = gnu11;
				GCC_DYNAMIC_NO_PIC = NO;
				GCC_NO_COMMON_BLOCKS = YES;
				GCC_OPTIMIZATION_LEVEL = 0;
				GCC_PREPROCESSOR_DEFINITIONS = (
					"DEBUG=1",
					"$(inherited)",
				);
				GCC_WARN_64_TO_32_BIT_CONVERSION = YES;
				GCC_WARN_ABOUT_RETURN_TYPE = YES_ERROR;
				GCC_WARN_UNDECLARED_SELECTOR = YES;
				GCC_WARN_UNINITIALIZED_AUTOS = YES_AGGRESSIVE;
				GCC_WARN_UNUSED_FUNCTION = YES;
				GCC_WARN_UNUSED_VARIABLE = YES;
				IPHONEOS_DEPLOYMENT_TARGET = 14.3;
				MTL_ENABLE_DEBUG_INFO = INCLUDE_SOURCE;
				MTL_FAST_MATH = YES;
				ONLY_ACTIVE_ARCH = YES;
				SDKROOT = iphoneos;
				SWIFT_ACTIVE_COMPILATION_CONDITIONS = DEBUG;
				SWIFT_OPTIMIZATION_LEVEL = "-Onone";
			};
			name = Debug;
		};
		BB66A07625CB133E0049FB13 /* Release */ = {
			isa = XCBuildConfiguration;
			buildSettings = {
				ALWAYS_SEARCH_USER_PATHS = NO;
				CLANG_ANALYZER_NONNULL = YES;
				CLANG_ANALYZER_NUMBER_OBJECT_CONVERSION = YES_AGGRESSIVE;
				CLANG_CXX_LANGUAGE_STANDARD = "gnu++14";
				CLANG_CXX_LIBRARY = "libc++";
				CLANG_ENABLE_MODULES = YES;
				CLANG_ENABLE_OBJC_ARC = YES;
				CLANG_ENABLE_OBJC_WEAK = YES;
				CLANG_WARN_BLOCK_CAPTURE_AUTORELEASING = YES;
				CLANG_WARN_BOOL_CONVERSION = YES;
				CLANG_WARN_COMMA = YES;
				CLANG_WARN_CONSTANT_CONVERSION = YES;
				CLANG_WARN_DEPRECATED_OBJC_IMPLEMENTATIONS = YES;
				CLANG_WARN_DIRECT_OBJC_ISA_USAGE = YES_ERROR;
				CLANG_WARN_DOCUMENTATION_COMMENTS = YES;
				CLANG_WARN_EMPTY_BODY = YES;
				CLANG_WARN_ENUM_CONVERSION = YES;
				CLANG_WARN_INFINITE_RECURSION = YES;
				CLANG_WARN_INT_CONVERSION = YES;
				CLANG_WARN_NON_LITERAL_NULL_CONVERSION = YES;
				CLANG_WARN_OBJC_IMPLICIT_RETAIN_SELF = YES;
				CLANG_WARN_OBJC_LITERAL_CONVERSION = YES;
				CLANG_WARN_OBJC_ROOT_CLASS = YES_ERROR;
				CLANG_WARN_QUOTED_INCLUDE_IN_FRAMEWORK_HEADER = YES;
				CLANG_WARN_RANGE_LOOP_ANALYSIS = YES;
				CLANG_WARN_STRICT_PROTOTYPES = YES;
				CLANG_WARN_SUSPICIOUS_MOVE = YES;
				CLANG_WARN_UNGUARDED_AVAILABILITY = YES_AGGRESSIVE;
				CLANG_WARN_UNREACHABLE_CODE = YES;
				CLANG_WARN__DUPLICATE_METHOD_MATCH = YES;
				COPY_PHASE_STRIP = NO;
				DEBUG_INFORMATION_FORMAT = "dwarf-with-dsym";
				ENABLE_NS_ASSERTIONS = NO;
				ENABLE_STRICT_OBJC_MSGSEND = YES;
				GCC_C_LANGUAGE_STANDARD = gnu11;
				GCC_NO_COMMON_BLOCKS = YES;
				GCC_WARN_64_TO_32_BIT_CONVERSION = YES;
				GCC_WARN_ABOUT_RETURN_TYPE = YES_ERROR;
				GCC_WARN_UNDECLARED_SELECTOR = YES;
				GCC_WARN_UNINITIALIZED_AUTOS = YES_AGGRESSIVE;
				GCC_WARN_UNUSED_FUNCTION = YES;
				GCC_WARN_UNUSED_VARIABLE = YES;
				IPHONEOS_DEPLOYMENT_TARGET = 14.3;
				MTL_ENABLE_DEBUG_INFO = NO;
				MTL_FAST_MATH = YES;
				SDKROOT = iphoneos;
				SWIFT_COMPILATION_MODE = wholemodule;
				SWIFT_OPTIMIZATION_LEVEL = "-O";
				VALIDATE_PRODUCT = YES;
			};
			name = Release;
		};
		BB66A07825CB133E0049FB13 /* Debug */ = {
			isa = XCBuildConfiguration;
			buildSettings = {
				ASSETCATALOG_COMPILER_APPICON_NAME = AppIcon;
				ASSETCATALOG_COMPILER_GLOBAL_ACCENT_COLOR_NAME = AccentColor;
				CODE_SIGN_STYLE = Automatic;
				INFOPLIST_FILE = prework/Info.plist;
				LD_RUNPATH_SEARCH_PATHS = (
					"$(inherited)",
					"@executable_path/Frameworks",
				);
				PRODUCT_BUNDLE_IDENTIFIER = memo.com.prework;
				PRODUCT_NAME = "$(TARGET_NAME)";
				SWIFT_VERSION = 5.0;
				TARGETED_DEVICE_FAMILY = "1,2";
			};
			name = Debug;
		};
		BB66A07925CB133E0049FB13 /* Release */ = {
			isa = XCBuildConfiguration;
			buildSettings = {
				ASSETCATALOG_COMPILER_APPICON_NAME = AppIcon;
				ASSETCATALOG_COMPILER_GLOBAL_ACCENT_COLOR_NAME = AccentColor;
				CODE_SIGN_STYLE = Automatic;
				INFOPLIST_FILE = prework/Info.plist;
				LD_RUNPATH_SEARCH_PATHS = (
					"$(inherited)",
					"@executable_path/Frameworks",
				);
				PRODUCT_BUNDLE_IDENTIFIER = memo.com.prework;
				PRODUCT_NAME = "$(TARGET_NAME)";
				SWIFT_VERSION = 5.0;
				TARGETED_DEVICE_FAMILY = "1,2";
			};
			name = Release;
		};
		BB66A07B25CB133E0049FB13 /* Debug */ = {
			isa = XCBuildConfiguration;
			buildSettings = {
				ALWAYS_EMBED_SWIFT_STANDARD_LIBRARIES = YES;
				BUNDLE_LOADER = "$(TEST_HOST)";
				CODE_SIGN_STYLE = Automatic;
				INFOPLIST_FILE = preworkTests/Info.plist;
				IPHONEOS_DEPLOYMENT_TARGET = 14.3;
				LD_RUNPATH_SEARCH_PATHS = (
					"$(inherited)",
					"@executable_path/Frameworks",
					"@loader_path/Frameworks",
				);
				PRODUCT_BUNDLE_IDENTIFIER = memo.com.preworkTests;
				PRODUCT_NAME = "$(TARGET_NAME)";
				SWIFT_VERSION = 5.0;
				TARGETED_DEVICE_FAMILY = "1,2";
				TEST_HOST = "$(BUILT_PRODUCTS_DIR)/prework.app/prework";
			};
			name = Debug;
		};
		BB66A07C25CB133E0049FB13 /* Release */ = {
			isa = XCBuildConfiguration;
			buildSettings = {
				ALWAYS_EMBED_SWIFT_STANDARD_LIBRARIES = YES;
				BUNDLE_LOADER = "$(TEST_HOST)";
				CODE_SIGN_STYLE = Automatic;
				INFOPLIST_FILE = preworkTests/Info.plist;
				IPHONEOS_DEPLOYMENT_TARGET = 14.3;
				LD_RUNPATH_SEARCH_PATHS = (
					"$(inherited)",
					"@executable_path/Frameworks",
					"@loader_path/Frameworks",
				);
				PRODUCT_BUNDLE_IDENTIFIER = memo.com.preworkTests;
				PRODUCT_NAME = "$(TARGET_NAME)";
				SWIFT_VERSION = 5.0;
				TARGETED_DEVICE_FAMILY = "1,2";
				TEST_HOST = "$(BUILT_PRODUCTS_DIR)/prework.app/prework";
			};
			name = Release;
		};
		BB66A07E25CB133E0049FB13 /* Debug */ = {
			isa = XCBuildConfiguration;
			buildSettings = {
				ALWAYS_EMBED_SWIFT_STANDARD_LIBRARIES = YES;
				CODE_SIGN_STYLE = Automatic;
				INFOPLIST_FILE = preworkUITests/Info.plist;
				LD_RUNPATH_SEARCH_PATHS = (
					"$(inherited)",
					"@executable_path/Frameworks",
					"@loader_path/Frameworks",
				);
				PRODUCT_BUNDLE_IDENTIFIER = memo.com.preworkUITests;
				PRODUCT_NAME = "$(TARGET_NAME)";
				SWIFT_VERSION = 5.0;
				TARGETED_DEVICE_FAMILY = "1,2";
				TEST_TARGET_NAME = prework;
			};
			name = Debug;
		};
		BB66A07F25CB133E0049FB13 /* Release */ = {
			isa = XCBuildConfiguration;
			buildSettings = {
				ALWAYS_EMBED_SWIFT_STANDARD_LIBRARIES = YES;
				CODE_SIGN_STYLE = Automatic;
				INFOPLIST_FILE = preworkUITests/Info.plist;
				LD_RUNPATH_SEARCH_PATHS = (
					"$(inherited)",
					"@executable_path/Frameworks",
					"@loader_path/Frameworks",
				);
				PRODUCT_BUNDLE_IDENTIFIER = memo.com.preworkUITests;
				PRODUCT_NAME = "$(TARGET_NAME)";
				SWIFT_VERSION = 5.0;
				TARGETED_DEVICE_FAMILY = "1,2";
				TEST_TARGET_NAME = prework;
			};
			name = Release;
		};
/* End XCBuildConfiguration section */

/* Begin XCConfigurationList section */
		BB66A04825CB13390049FB13 /* Build configuration list for PBXProject "prework" */ = {
			isa = XCConfigurationList;
			buildConfigurations = (
				BB66A07525CB133E0049FB13 /* Debug */,
				BB66A07625CB133E0049FB13 /* Release */,
			);
			defaultConfigurationIsVisible = 0;
			defaultConfigurationName = Release;
		};
		BB66A07725CB133E0049FB13 /* Build configuration list for PBXNativeTarget "prework" */ = {
			isa = XCConfigurationList;
			buildConfigurations = (
				BB66A07825CB133E0049FB13 /* Debug */,
				BB66A07925CB133E0049FB13 /* Release */,
			);
			defaultConfigurationIsVisible = 0;
			defaultConfigurationName = Release;
		};
		BB66A07A25CB133E0049FB13 /* Build configuration list for PBXNativeTarget "preworkTests" */ = {
			isa = XCConfigurationList;
			buildConfigurations = (
				BB66A07B25CB133E0049FB13 /* Debug */,
				BB66A07C25CB133E0049FB13 /* Release */,
			);
			defaultConfigurationIsVisible = 0;
			defaultConfigurationName = Release;
		};
		BB66A07D25CB133E0049FB13 /* Build configuration list for PBXNativeTarget "preworkUITests" */ = {
			isa = XCConfigurationList;
			buildConfigurations = (
				BB66A07E25CB133E0049FB13 /* Debug */,
				BB66A07F25CB133E0049FB13 /* Release */,
			);
			defaultConfigurationIsVisible = 0;
			defaultConfigurationName = Release;
		};
/* End XCConfigurationList section */
	};
	rootObject = BB66A04525CB13380049FB13 /* Project object */;
}
